
Microsoft Visual Studio Solution File, Format Version 12.00
# Visual Studio Version 17
VisualStudioVersion = 17.4.33110.190
MinimumVisualStudioVersion = 10.0.40219.1
Project("{FAE04EC0-301F-11D3-BF4B-00C04F79EFBC}") = "RabbitMQProducer", "RabbitMQProducer\RabbitMQProducer.csproj", "{70514375-4876-4CF7-9398-BFDB85616634}"
EndProject
Project("{FAE04EC0-301F-11D3-BF4B-00C04F79EFBC}") = "RabbitMQConsumer", "RabbitMQConsumer\RabbitMQConsumer.csproj", "{1DC8CBDA-FC71-470C-9D85-752724E980C2}"
EndProject
Global
	GlobalSection(SolutionConfigurationPlatforms) = preSolution
		Debug|Any CPU = Debug|Any CPU
		Release|Any CPU = Release|Any CPU
	EndGlobalSection
	GlobalSection(ProjectConfigurationPlatforms) = postSolution
		{70514375-4876-4CF7-9398-BFDB85616634}.Debug|Any CPU.ActiveCfg = Debug|Any CPU
		{70514375-4876-4CF7-9398-BFDB85616634}.Debug|Any CPU.Build.0 = Debug|Any CPU
		{70514375-4876-4CF7-9398-BFDB85616634}.Release|Any CPU.ActiveCfg = Release|Any CPU
		{70514375-4876-4CF7-9398-BFDB85616634}.Release|Any CPU.Build.0 = Release|Any CPU
		{1DC8CBDA-FC71-470C-9D85-752724E980C2}.Debug|Any CPU.ActiveCfg = Debug|Any CPU
		{1DC8CBDA-FC71-470C-9D85-752724E980C2}.Debug|Any CPU.Build.0 = Debug|Any CPU
		{1DC8CBDA-FC71-470C-9D85-752724E980C2}.Release|Any CPU.ActiveCfg = Release|Any CPU
		{1DC8CBDA-FC71-470C-9D85-752724E980C2}.Release|Any CPU.Build.0 = Release|Any CPU
	EndGlobalSection
	GlobalSection(SolutionProperties) = preSolution
		HideSolutionNode = FALSE
	EndGlobalSection
	GlobalSection(ExtensibilityGlobals) = postSolution
		SolutionGuid = {D54CB36E-BF97-4FA7-A35E-CA2A2765B4CB}
	EndGlobalSection
EndGlobal
